{
    "_readme": [
        "This file locks the dependencies of your project to a known state",
        "Read more about it at https://getcomposer.org/doc/01-basic-usage.md#installing-dependencies",
        "This file is @generated automatically"
    ],
    "content-hash": "49021eef5b62d404eb63a673cb354223",
    "packages": [
        {
            "name": "city-of-helsinki/paatokset-search",
            "version": "0.1.0",
            "source": {
                "type": "git",
                "url": "https://github.com/City-of-Helsinki/paatokset-search",
                "reference": "origin/develop"
            },
            "type": "library"
        }
    ],
    "packages-dev": [],
    "aliases": [],
    "minimum-stability": "dev",
    "stability-flags": [],
    "prefer-stable": false,
    "prefer-lowest": false,
    "platform": [],
    "platform-dev": [],
    "plugin-api-version": "1.1.0"
}
