uuid: f23362c5-af0c-484d-8fc8-09d83bf4d56f
langcode: en
status: true
dependencies:
  module:
    - hdbt_content
    - node
  theme:
    - helfi_paatokset
id: helfi_paatokset_heroblock
theme: helfi_paatokset
region: before_content
weight: -19
provider: null
plugin: hero_block
settings:
  id: hero_block
  label: 'Hero block'
  label_display: '0'
  provider: hdbt_content
visibility:
  'entity_bundle:node':
    id: 'entity_bundle:node'
    negate: false
    context_mapping:
      node: '@node.node_route_context:node'
    bundles:
      landing_page: landing_page
      page: page
