uuid: eeba2446-6349-496f-9286-f8c0508a14ab
langcode: en
status: true
dependencies:
  module:
    - hdbt_content
  theme:
    - helfi_paatokset
id: helfi_paatokset_lowercontentblock
theme: helfi_paatokset
region: after_content
weight: -12
provider: null
plugin: lower_content_block
settings:
  id: lower_content_block
  label: 'Lower content block'
  provider: hdbt_content
  label_display: '0'
visibility: {  }
