uuid: 8a7b9880-7504-43a6-aea8-e62688a92982
langcode: en
status: true
dependencies:
  module:
    - paatokset_ahjo_api
    - system
  theme:
    - hdbt_subtheme
id: hdbt_subtheme_policymakerbrowserheroblock
theme: hdbt_subtheme
region: before_content
weight: 0
provider: null
plugin: policymaker_browser_hero_block
settings:
  id: policymaker_browser_hero_block
  label: 'Policymaker Browser Hero Block'
  label_display: '0'
  provider: paatokset_ahjo_api
visibility:
  request_path:
    id: request_path
    negate: false
    pages: "/decisionmakers/browse-decision-makers\r\n/decisionmakers/browse-decision-makers/*"
