uuid: 38ee9bb7-76db-46a4-b1d7-a587f928f513
langcode: en
status: true
dependencies:
  config:
    - views.view.all_initiatives
  module:
    - system
    - views
  theme:
    - hdbt_subtheme
id: hdbt_subtheme_views_block__all_initiatives_block
theme: hdbt_subtheme
region: content_lower
weight: -14
provider: null
plugin: 'views_block:all_initiatives-block'
settings:
  id: 'views_block:all_initiatives-block'
  label: ''
  label_display: '0'
  provider: views
  views_label: ''
  items_per_page: null
visibility:
  request_path:
    id: request_path
    negate: false
    pages: "*/aloitteet\r\n*/motioner\r\n*/motions\r\n*/initiatives"
