uuid: 5d92856e-bdee-447c-b0a2-9bf0b6d0aa78
langcode: fi
status: true
dependencies:
  module:
    - paatokset_submenus
    - system
  theme:
    - helfi_paatokset
id: paatoksetminutesofdiscussionblock
theme: helfi_paatokset
region: after_content
weight: 0
provider: null
plugin: paatokset_minutes_of_discussion
settings:
  id: paatokset_minutes_of_discussion
  label: 'Paatokset minutes of discussion block'
  provider: paatokset_submenus
  label_display: visible
visibility:
  request_path:
    id: request_path
    pages: '/paattajat/*/keskustelupöytäkirjat'
    negate: false
