uuid: 882f9fba-9507-4677-bfe3-9ae35df603bc
langcode: en
status: true
dependencies:
  module:
    - eu_cookie_compliance
    - system
  theme:
    - hdbt_subtheme
id: hdbt_subtheme_eucookiecomplianceblock
theme: hdbt_subtheme
region: after_content
weight: -19
provider: null
plugin: eu_cookie_compliance_block
settings:
  id: eu_cookie_compliance_block
  label: 'EU Cookie Compliance Block'
  label_display: '0'
  provider: eu_cookie_compliance
  eu_cookie_compliance_block_settings:
    description:
      value: ''
      format: full_html
visibility:
  request_path:
    id: request_path
    negate: false
    pages: "/cookie-information-and-settings\r\n/evasteasetukset\r\n/cookie-installningar"
