uuid: 276ccb5a-0277-4efd-8546-1f3c3709fcae
langcode: en
status: true
dependencies:
  module:
    - helfi_platform_config
  theme:
    - hdbt
id: lowercontentblock
theme: hdbt
region: after_content
weight: -6
provider: null
plugin: lower_content_block
settings:
  id: lower_content_block
  label: 'Lower content block'
  label_display: '0'
  provider: hdbt_admin_tools
visibility: {  }
