uuid: d0065d26-7a30-4f19-b001-67b4c500eb84
langcode: en
status: true
dependencies:
  module:
    - helfi_platform_config
  theme:
    - hdbt_subtheme
id: sidebarcontentblock
theme: hdbt_subtheme
region: sidebar_second
weight: -17
provider: null
plugin: sidebar_content_block
settings:
  id: sidebar_content_block
  label: 'Sidebar content block'
  label_display: '0'
  provider: hdbt_admin_tools
visibility: {  }
