uuid: 5d92856e-bdee-447c-b0a2-9bf0b6d0aa78
langcode: fi
status: true
dependencies:
  module:
    - paatokset_submenus
    - system
  theme:
    - hdbt_subtheme
id: paatoksetminutesofdiscussionblock
theme: hdbt_subtheme
region: content_lower
weight: -13
provider: null
plugin: paatokset_minutes_of_discussion
settings:
  id: paatokset_minutes_of_discussion
  label: 'Paatokset minutes of discussion block'
  label_display: visible
  provider: paatokset_submenus
visibility:
  request_path:
    id: request_path
    negate: false
    pages: "/paattajat/*/keskustelupöytäkirjat\r\n/paattajat/*/keskustelupoytakirjat\r\n/beslutsfattare/*/diskussionsprotokoll\r\n/decisionmakers/*/discussion-minutes"
