uuid: 4c047c51-9135-407b-82c6-1ee8499ee14a
langcode: en
status: true
dependencies:
  config:
    - views.view.all_articles
  module:
    - system
    - views
  theme:
    - hdbt_subtheme
id: hdbt_subtheme_views_block__all_articles_block
theme: hdbt_subtheme
region: content_lower
weight: -14
provider: null
plugin: 'views_block:all_articles-all_articles_block'
settings:
  id: 'views_block:all_articles-all_articles_block'
  label: ''
  label_display: '0'
  provider: views
  views_label: ''
  items_per_page: none
visibility:
  request_path:
    id: request_path
    negate: false
    pages: "/kuulutukset-ja-ilmoitukset\r\n/kungorelser-och-annonser"
