uuid: fb735a2e-e39b-476c-8bd9-4a01fd903f64
langcode: en
status: true
dependencies:
  module:
    - ctools
    - eu_cookie_compliance
    - system
  theme:
    - helfi_paatokset
_core:
  default_config_hash: Ofp5Nv8E3DryORBw9DXtbN860LdYomjt-klGkC0fCHs
id: helfi_paatokset_eucookiecomplianceblock
theme: helfi_paatokset
region: after_content
weight: -5
provider: null
plugin: eu_cookie_compliance_block
settings:
  id: eu_cookie_compliance_block
  label: 'EU Cookie Compliance Block'
  provider: eu_cookie_compliance
  label_display: '0'
  eu_cookie_compliance_block_settings:
    description:
      value: ''
      format: full_html
visibility:
  'entity_bundle:node':
    id: 'entity_bundle:node'
    bundles:
      page: page
    negate: false
    context_mapping:
      node: '@node.node_route_context:node'
  request_path:
    id: request_path
    pages: /node/1
    negate: false
