uuid: 026233d1-364e-404f-b7d2-4d2af7faff84
langcode: en
status: true
dependencies:
  module:
    - ctools
    - helfi_platform_config
  theme:
    - hdbt
id: heroblock
theme: hdbt
region: before_content
weight: -5
provider: null
plugin: hero_block
settings:
  id: hero_block
  label: 'Hero block'
  label_display: '0'
  provider: hdbt_admin_tools
visibility:
  'entity_bundle:node':
    id: 'entity_bundle:node'
    negate: false
    context_mapping:
      node: '@node.node_route_context:node'
    bundles:
      landing_page: landing_page
      page: page
